
Microsoft Visual Studio Solution File, Format Version 12.00
#
Project("{2150E333-8FDC-42A3-9474-1A3956D46DE8}") = "src", "src", "{EDDE5050-73AC-4900-90D7-063497E30A71}"
EndProject
Project("{FAE04EC0-301F-11D3-BF4B-00C04F79EFBC}") = "Notification", "src\Notification\Notification.csproj", "{AF1B6FB1-DF8A-4254-91D9-581617D8E839}"
EndProject
Project("{FAE04EC0-301F-11D3-BF4B-00C04F79EFBC}") = "Contracts", "src\Contracts\Contracts\Contracts.csproj", "{8673C779-AF66-48B1-BBBA-EC9276741927}"
EndProject
Project("{2150E333-8FDC-42A3-9474-1A3956D46DE8}") = "Contracts", "Contracts", "{F74427A9-59EB-41C2-8572-03DAF614344C}"
EndProject
Project("{2150E333-8FDC-42A3-9474-1A3956D46DE8}") = "Solution Items", "Solution Items", "{70C786A2-588F-4CF6-98C8-A25325AFEE67}"
	ProjectSection(SolutionItems) = preProject
		docker-compose.yml = docker-compose.yml
	EndProjectSection
EndProject
Project("{FAE04EC0-301F-11D3-BF4B-00C04F79EFBC}") = "Profile.Api", "src\Profile\Profile.Api\Profile.Api.csproj", "{AC5358C2-EF89-4A58-A974-7A24BB0A9074}"
EndProject
Project("{2150E333-8FDC-42A3-9474-1A3956D46DE8}") = "Profile", "Profile", "{01ADAE02-EA32-49FA-9CE5-767598246069}"
EndProject
Project("{FAE04EC0-301F-11D3-BF4B-00C04F79EFBC}") = "Profile.Core", "src\Profile\Profile.Core\Profile.Core.csproj", "{8E5F5AF9-547E-495C-AA7E-CADA5F8AAD48}"
EndProject
Project("{FAE04EC0-301F-11D3-BF4B-00C04F79EFBC}") = "Profile.Infrastructure", "src\Profile\Profile.Infrastructure\Profile.Infrastructure.csproj", "{27B0E0A2-92E7-464C-ADF9-56E5E32CD9A7}"
EndProject
Project("{2150E333-8FDC-42A3-9474-1A3956D46DE8}") = "General", "General", "{E9CC3E77-FE7D-4444-9152-A03C04CE1880}"
EndProject
Project("{FAE04EC0-301F-11D3-BF4B-00C04F79EFBC}") = "General", "src\General\General\General.csproj", "{57C0C6C9-2097-481D-B5EF-9D1C2BD10165}"
EndProject
Project("{FAE04EC0-301F-11D3-BF4B-00C04F79EFBC}") = "AuthIdentity.API", "src\Identity\AuthIdentity.API\AuthIdentity.API.csproj", "{D2593146-8E95-4001-A700-33AFF3777C7B}"
EndProject
Project("{2150E333-8FDC-42A3-9474-1A3956D46DE8}") = "Identity", "Identity", "{CB16DFE3-ED76-4659-B3A7-95C62B8DD918}"
EndProject
Project("{FAE04EC0-301F-11D3-BF4B-00C04F79EFBC}") = "AuthIdentity.Core", "src\Identity\AuthIdentity.Core\AuthIdentity.Core.csproj", "{C8DDF4E0-F14A-4999-A0D1-AE4797047DB7}"
EndProject
Project("{FAE04EC0-301F-11D3-BF4B-00C04F79EFBC}") = "AuthIdentity.Infrastructure", "src\Identity\AuthIdentity.Infrastructure\AuthIdentity.Infrastructure.csproj", "{0203401F-B99B-4E1B-A91F-3EC43D3EE76F}"
EndProject
Project("{2150E333-8FDC-42A3-9474-1A3956D46DE8}") = "Storage", "Storage", "{F0D1CB37-FA1A-4756-93AA-7D0605BCC18C}"
EndProject
Project("{FAE04EC0-301F-11D3-BF4B-00C04F79EFBC}") = "BlobStorage.Core", "src\Storage\BlobStorage.Core\BlobStorage.Core.csproj", "{E70DDAED-54FA-40B7-8235-E242DA39EFE0}"
EndProject
Project("{FAE04EC0-301F-11D3-BF4B-00C04F79EFBC}") = "BlobStorage.Grpc", "src\Storage\BlobStorage.Grpc\BlobStorage.Grpc.csproj", "{92498C6C-77C6-457A-AE19-9191E3962E33}"
EndProject
Project("{2150E333-8FDC-42A3-9474-1A3956D46DE8}") = "Gateway", "Gateway", "{30E7B3B6-5095-4D49-9574-59D809DE7047}"
EndProject
Project("{FAE04EC0-301F-11D3-BF4B-00C04F79EFBC}") = "OcelotApiGateway", "src\Gateway\OcelotApiGateway\OcelotApiGateway.csproj", "{72D5207D-0EFD-4BD9-A09C-6C7584A48161}"
EndProject
Global
	GlobalSection(SolutionConfigurationPlatforms) = preSolution
		Debug|Any CPU = Debug|Any CPU
		Release|Any CPU = Release|Any CPU
	EndGlobalSection
	GlobalSection(ProjectConfigurationPlatforms) = postSolution
		{AF1B6FB1-DF8A-4254-91D9-581617D8E839}.Debug|Any CPU.ActiveCfg = Debug|Any CPU
		{AF1B6FB1-DF8A-4254-91D9-581617D8E839}.Debug|Any CPU.Build.0 = Debug|Any CPU
		{AF1B6FB1-DF8A-4254-91D9-581617D8E839}.Release|Any CPU.ActiveCfg = Release|Any CPU
		{AF1B6FB1-DF8A-4254-91D9-581617D8E839}.Release|Any CPU.Build.0 = Release|Any CPU
		{8673C779-AF66-48B1-BBBA-EC9276741927}.Debug|Any CPU.ActiveCfg = Debug|Any CPU
		{8673C779-AF66-48B1-BBBA-EC9276741927}.Debug|Any CPU.Build.0 = Debug|Any CPU
		{8673C779-AF66-48B1-BBBA-EC9276741927}.Release|Any CPU.ActiveCfg = Release|Any CPU
		{8673C779-AF66-48B1-BBBA-EC9276741927}.Release|Any CPU.Build.0 = Release|Any CPU
		{AC5358C2-EF89-4A58-A974-7A24BB0A9074}.Debug|Any CPU.ActiveCfg = Debug|Any CPU
		{AC5358C2-EF89-4A58-A974-7A24BB0A9074}.Debug|Any CPU.Build.0 = Debug|Any CPU
		{AC5358C2-EF89-4A58-A974-7A24BB0A9074}.Release|Any CPU.ActiveCfg = Release|Any CPU
		{AC5358C2-EF89-4A58-A974-7A24BB0A9074}.Release|Any CPU.Build.0 = Release|Any CPU
		{8E5F5AF9-547E-495C-AA7E-CADA5F8AAD48}.Debug|Any CPU.ActiveCfg = Debug|Any CPU
		{8E5F5AF9-547E-495C-AA7E-CADA5F8AAD48}.Debug|Any CPU.Build.0 = Debug|Any CPU
		{8E5F5AF9-547E-495C-AA7E-CADA5F8AAD48}.Release|Any CPU.ActiveCfg = Release|Any CPU
		{8E5F5AF9-547E-495C-AA7E-CADA5F8AAD48}.Release|Any CPU.Build.0 = Release|Any CPU
		{27B0E0A2-92E7-464C-ADF9-56E5E32CD9A7}.Debug|Any CPU.ActiveCfg = Debug|Any CPU
		{27B0E0A2-92E7-464C-ADF9-56E5E32CD9A7}.Debug|Any CPU.Build.0 = Debug|Any CPU
		{27B0E0A2-92E7-464C-ADF9-56E5E32CD9A7}.Release|Any CPU.ActiveCfg = Release|Any CPU
		{27B0E0A2-92E7-464C-ADF9-56E5E32CD9A7}.Release|Any CPU.Build.0 = Release|Any CPU
		{57C0C6C9-2097-481D-B5EF-9D1C2BD10165}.Debug|Any CPU.ActiveCfg = Debug|Any CPU
		{57C0C6C9-2097-481D-B5EF-9D1C2BD10165}.Debug|Any CPU.Build.0 = Debug|Any CPU
		{57C0C6C9-2097-481D-B5EF-9D1C2BD10165}.Release|Any CPU.ActiveCfg = Release|Any CPU
		{57C0C6C9-2097-481D-B5EF-9D1C2BD10165}.Release|Any CPU.Build.0 = Release|Any CPU
		{D2593146-8E95-4001-A700-33AFF3777C7B}.Debug|Any CPU.ActiveCfg = Debug|Any CPU
		{D2593146-8E95-4001-A700-33AFF3777C7B}.Debug|Any CPU.Build.0 = Debug|Any CPU
		{D2593146-8E95-4001-A700-33AFF3777C7B}.Release|Any CPU.ActiveCfg = Release|Any CPU
		{D2593146-8E95-4001-A700-33AFF3777C7B}.Release|Any CPU.Build.0 = Release|Any CPU
		{C8DDF4E0-F14A-4999-A0D1-AE4797047DB7}.Debug|Any CPU.ActiveCfg = Debug|Any CPU
		{C8DDF4E0-F14A-4999-A0D1-AE4797047DB7}.Debug|Any CPU.Build.0 = Debug|Any CPU
		{C8DDF4E0-F14A-4999-A0D1-AE4797047DB7}.Release|Any CPU.ActiveCfg = Release|Any CPU
		{C8DDF4E0-F14A-4999-A0D1-AE4797047DB7}.Release|Any CPU.Build.0 = Release|Any CPU
		{0203401F-B99B-4E1B-A91F-3EC43D3EE76F}.Debug|Any CPU.ActiveCfg = Debug|Any CPU
		{0203401F-B99B-4E1B-A91F-3EC43D3EE76F}.Debug|Any CPU.Build.0 = Debug|Any CPU
		{0203401F-B99B-4E1B-A91F-3EC43D3EE76F}.Release|Any CPU.ActiveCfg = Release|Any CPU
		{0203401F-B99B-4E1B-A91F-3EC43D3EE76F}.Release|Any CPU.Build.0 = Release|Any CPU
		{E70DDAED-54FA-40B7-8235-E242DA39EFE0}.Debug|Any CPU.ActiveCfg = Debug|Any CPU
		{E70DDAED-54FA-40B7-8235-E242DA39EFE0}.Debug|Any CPU.Build.0 = Debug|Any CPU
		{E70DDAED-54FA-40B7-8235-E242DA39EFE0}.Release|Any CPU.ActiveCfg = Release|Any CPU
		{E70DDAED-54FA-40B7-8235-E242DA39EFE0}.Release|Any CPU.Build.0 = Release|Any CPU
		{92498C6C-77C6-457A-AE19-9191E3962E33}.Debug|Any CPU.ActiveCfg = Debug|Any CPU
		{92498C6C-77C6-457A-AE19-9191E3962E33}.Debug|Any CPU.Build.0 = Debug|Any CPU
		{92498C6C-77C6-457A-AE19-9191E3962E33}.Release|Any CPU.ActiveCfg = Release|Any CPU
		{92498C6C-77C6-457A-AE19-9191E3962E33}.Release|Any CPU.Build.0 = Release|Any CPU
		{72D5207D-0EFD-4BD9-A09C-6C7584A48161}.Debug|Any CPU.ActiveCfg = Debug|Any CPU
		{72D5207D-0EFD-4BD9-A09C-6C7584A48161}.Debug|Any CPU.Build.0 = Debug|Any CPU
		{72D5207D-0EFD-4BD9-A09C-6C7584A48161}.Release|Any CPU.ActiveCfg = Release|Any CPU
		{72D5207D-0EFD-4BD9-A09C-6C7584A48161}.Release|Any CPU.Build.0 = Release|Any CPU
	EndGlobalSection
	GlobalSection(NestedProjects) = preSolution
		{AF1B6FB1-DF8A-4254-91D9-581617D8E839} = {EDDE5050-73AC-4900-90D7-063497E30A71}
		{F74427A9-59EB-41C2-8572-03DAF614344C} = {EDDE5050-73AC-4900-90D7-063497E30A71}
		{8673C779-AF66-48B1-BBBA-EC9276741927} = {F74427A9-59EB-41C2-8572-03DAF614344C}
		{01ADAE02-EA32-49FA-9CE5-767598246069} = {EDDE5050-73AC-4900-90D7-063497E30A71}
		{AC5358C2-EF89-4A58-A974-7A24BB0A9074} = {01ADAE02-EA32-49FA-9CE5-767598246069}
		{8E5F5AF9-547E-495C-AA7E-CADA5F8AAD48} = {01ADAE02-EA32-49FA-9CE5-767598246069}
		{27B0E0A2-92E7-464C-ADF9-56E5E32CD9A7} = {01ADAE02-EA32-49FA-9CE5-767598246069}
		{E9CC3E77-FE7D-4444-9152-A03C04CE1880} = {EDDE5050-73AC-4900-90D7-063497E30A71}
		{57C0C6C9-2097-481D-B5EF-9D1C2BD10165} = {E9CC3E77-FE7D-4444-9152-A03C04CE1880}
		{CB16DFE3-ED76-4659-B3A7-95C62B8DD918} = {EDDE5050-73AC-4900-90D7-063497E30A71}
		{D2593146-8E95-4001-A700-33AFF3777C7B} = {CB16DFE3-ED76-4659-B3A7-95C62B8DD918}
		{C8DDF4E0-F14A-4999-A0D1-AE4797047DB7} = {CB16DFE3-ED76-4659-B3A7-95C62B8DD918}
		{0203401F-B99B-4E1B-A91F-3EC43D3EE76F} = {CB16DFE3-ED76-4659-B3A7-95C62B8DD918}
		{F0D1CB37-FA1A-4756-93AA-7D0605BCC18C} = {EDDE5050-73AC-4900-90D7-063497E30A71}
		{E70DDAED-54FA-40B7-8235-E242DA39EFE0} = {F0D1CB37-FA1A-4756-93AA-7D0605BCC18C}
		{92498C6C-77C6-457A-AE19-9191E3962E33} = {F0D1CB37-FA1A-4756-93AA-7D0605BCC18C}
		{30E7B3B6-5095-4D49-9574-59D809DE7047} = {EDDE5050-73AC-4900-90D7-063497E30A71}
		{72D5207D-0EFD-4BD9-A09C-6C7584A48161} = {30E7B3B6-5095-4D49-9574-59D809DE7047}
	EndGlobalSection
EndGlobal
